// !$*UTF8*$!
{
	archiveVersion = 1;
	classes = {
	};
	objectVersion = 77;
	objects = {

/* Begin PBXBuildFile section */
		696689862D0DF31000B0F045 /* GoToStopAPI.framework in Frameworks */ = {isa = PBXBuildFile; fileRef = 696689802D0DF31000B0F045 /* GoToStopAPI.framework */; };
		696689872D0DF31000B0F045 /* GoToStopAPI.framework in Embed Frameworks */ = {isa = PBXBuildFile; fileRef = 696689802D0DF31000B0F045 /* GoToStopAPI.framework */; settings = {ATTRIBUTES = (CodeSignOnCopy, RemoveHeadersOnCopy, ); }; };
		696689AA2D0E0A3E00B0F045 /* WidgetKit.framework in Frameworks */ = {isa = PBXBuildFile; fileRef = 696689A92D0E0A3D00B0F045 /* WidgetKit.framework */; };
		696689AC2D0E0A3E00B0F045 /* SwiftUI.framework in Frameworks */ = {isa = PBXBuildFile; fileRef = 696689AB2D0E0A3E00B0F045 /* SwiftUI.framework */; };
		696689BD2D0E0A3F00B0F045 /* GoToStopWidgetExtension.appex in Embed Foundation Extensions */ = {isa = PBXBuildFile; fileRef = 696689A72D0E0A3D00B0F045 /* GoToStopWidgetExtension.appex */; settings = {ATTRIBUTES = (RemoveHeadersOnCopy, ); }; };
/* End PBXBuildFile section */

/* Begin PBXContainerItemProxy section */
		696689842D0DF31000B0F045 /* PBXContainerItemProxy */ = {
			isa = PBXContainerItemProxy;
			containerPortal = 696689362D0DE91700B0F045 /* Project object */;
			proxyType = 1;
			remoteGlobalIDString = 6966897F2D0DF31000B0F045;
			remoteInfo = GoToStopAPI;
		};
		696689BB2D0E0A3F00B0F045 /* PBXContainerItemProxy */ = {
			isa = PBXContainerItemProxy;
			containerPortal = 696689362D0DE91700B0F045 /* Project object */;
			proxyType = 1;
			remoteGlobalIDString = 696689A62D0E0A3D00B0F045;
			remoteInfo = GoToStopWidgetExtension;
		};
/* End PBXContainerItemProxy section */

/* Begin PBXCopyFilesBuildPhase section */
		696689732D0DEF5C00B0F045 /* Embed Frameworks */ = {
			isa = PBXCopyFilesBuildPhase;
			buildActionMask = 2147483647;
			dstPath = "";
			dstSubfolderSpec = 10;
			files = (
				696689872D0DF31000B0F045 /* GoToStopAPI.framework in Embed Frameworks */,
			);
			name = "Embed Frameworks";
			runOnlyForDeploymentPostprocessing = 0;
		};
		696689BE2D0E0A3F00B0F045 /* Embed Foundation Extensions */ = {
			isa = PBXCopyFilesBuildPhase;
			buildActionMask = 2147483647;
			dstPath = "";
			dstSubfolderSpec = 13;
			files = (
				696689BD2D0E0A3F00B0F045 /* GoToStopWidgetExtension.appex in Embed Foundation Extensions */,
			);
			name = "Embed Foundation Extensions";
			runOnlyForDeploymentPostprocessing = 0;
		};
/* End PBXCopyFilesBuildPhase section */

/* Begin PBXFileReference section */
		6966893E2D0DE91700B0F045 /* GoToStop.app */ = {isa = PBXFileReference; explicitFileType = wrapper.application; includeInIndex = 0; path = GoToStop.app; sourceTree = BUILT_PRODUCTS_DIR; };
		696689802D0DF31000B0F045 /* GoToStopAPI.framework */ = {isa = PBXFileReference; explicitFileType = wrapper.framework; includeInIndex = 0; path = GoToStopAPI.framework; sourceTree = BUILT_PRODUCTS_DIR; };
		696689A72D0E0A3D00B0F045 /* GoToStopWidgetExtension.appex */ = {isa = PBXFileReference; explicitFileType = "wrapper.app-extension"; includeInIndex = 0; path = GoToStopWidgetExtension.appex; sourceTree = BUILT_PRODUCTS_DIR; };
		696689A92D0E0A3D00B0F045 /* WidgetKit.framework */ = {isa = PBXFileReference; lastKnownFileType = wrapper.framework; name = WidgetKit.framework; path = System/Library/Frameworks/WidgetKit.framework; sourceTree = SDKROOT; };
		696689AB2D0E0A3E00B0F045 /* SwiftUI.framework */ = {isa = PBXFileReference; lastKnownFileType = wrapper.framework; name = SwiftUI.framework; path = System/Library/Frameworks/SwiftUI.framework; sourceTree = SDKROOT; };
		696689E72D0E126500B0F045 /* GoToStopWidgetExtension.entitlements */ = {isa = PBXFileReference; lastKnownFileType = text.plist.entitlements; path = GoToStopWidgetExtension.entitlements; sourceTree = "<group>"; };
/* End PBXFileReference section */

/* Begin PBXFileSystemSynchronizedBuildFileExceptionSet section */
		6910B1A82D391969004A2097 /* Exceptions for "GoToStop" folder in "GoToStopWidgetExtension" target */ = {
			isa = PBXFileSystemSynchronizedBuildFileExceptionSet;
			membershipExceptions = (
				"Shared Models/GoToStopLiveActivityAttributes.swift",
			);
			target = 696689A62D0E0A3D00B0F045 /* GoToStopWidgetExtension */;
		};
		696689882D0DF31000B0F045 /* Exceptions for "GoToStopAPI" folder in "GoToStopAPI" target */ = {
			isa = PBXFileSystemSynchronizedBuildFileExceptionSet;
			publicHeaders = (
				GoToStopAPI.h,
			);
			target = 6966897F2D0DF31000B0F045 /* GoToStopAPI */;
		};
		696689C12D0E0A3F00B0F045 /* Exceptions for "GoToStopWidget" folder in "GoToStopWidgetExtension" target */ = {
			isa = PBXFileSystemSynchronizedBuildFileExceptionSet;
			membershipExceptions = (
				Info.plist,
			);
			target = 696689A62D0E0A3D00B0F045 /* GoToStopWidgetExtension */;
		};
/* End PBXFileSystemSynchronizedBuildFileExceptionSet section */

/* Begin PBXFileSystemSynchronizedRootGroup section */
		696689402D0DE91700B0F045 /* GoToStop */ = {
			isa = PBXFileSystemSynchronizedRootGroup;
			exceptions = (
				6910B1A82D391969004A2097 /* Exceptions for "GoToStop" folder in "GoToStopWidgetExtension" target */,
			);
			path = GoToStop;
			sourceTree = "<group>";
		};
		696689812D0DF31000B0F045 /* GoToStopAPI */ = {
			isa = PBXFileSystemSynchronizedRootGroup;
			exceptions = (
				696689882D0DF31000B0F045 /* Exceptions for "GoToStopAPI" folder in "GoToStopAPI" target */,
			);
			path = GoToStopAPI;
			sourceTree = "<group>";
		};
		696689AD2D0E0A3E00B0F045 /* GoToStopWidget */ = {
			isa = PBXFileSystemSynchronizedRootGroup;
			exceptions = (
				696689C12D0E0A3F00B0F045 /* Exceptions for "GoToStopWidget" folder in "GoToStopWidgetExtension" target */,
			);
			path = GoToStopWidget;
			sourceTree = "<group>";
		};
/* End PBXFileSystemSynchronizedRootGroup section */

/* Begin PBXFrameworksBuildPhase section */
		6966893B2D0DE91700B0F045 /* Frameworks */ = {
			isa = PBXFrameworksBuildPhase;
			buildActionMask = 2147483647;
			files = (
				696689862D0DF31000B0F045 /* GoToStopAPI.framework in Frameworks */,
			);
			runOnlyForDeploymentPostprocessing = 0;
		};
		6966897D2D0DF31000B0F045 /* Frameworks */ = {
			isa = PBXFrameworksBuildPhase;
			buildActionMask = 2147483647;
			files = (
			);
			runOnlyForDeploymentPostprocessing = 0;
		};
		696689A42D0E0A3D00B0F045 /* Frameworks */ = {
			isa = PBXFrameworksBuildPhase;
			buildActionMask = 2147483647;
			files = (
				696689AC2D0E0A3E00B0F045 /* SwiftUI.framework in Frameworks */,
				696689AA2D0E0A3E00B0F045 /* WidgetKit.framework in Frameworks */,
			);
			runOnlyForDeploymentPostprocessing = 0;
		};
/* End PBXFrameworksBuildPhase section */

/* Begin PBXGroup section */
		696689352D0DE91700B0F045 = {
			isa = PBXGroup;
			children = (
				696689E72D0E126500B0F045 /* GoToStopWidgetExtension.entitlements */,
				696689402D0DE91700B0F045 /* GoToStop */,
				696689812D0DF31000B0F045 /* GoToStopAPI */,
				696689AD2D0E0A3E00B0F045 /* GoToStopWidget */,
				696689A82D0E0A3D00B0F045 /* Frameworks */,
				6966893F2D0DE91700B0F045 /* Products */,
			);
			sourceTree = "<group>";
		};
		6966893F2D0DE91700B0F045 /* Products */ = {
			isa = PBXGroup;
			children = (
				6966893E2D0DE91700B0F045 /* GoToStop.app */,
				696689802D0DF31000B0F045 /* GoToStopAPI.framework */,
				696689A72D0E0A3D00B0F045 /* GoToStopWidgetExtension.appex */,
			);
			name = Products;
			sourceTree = "<group>";
		};
		696689A82D0E0A3D00B0F045 /* Frameworks */ = {
			isa = PBXGroup;
			children = (
				696689A92D0E0A3D00B0F045 /* WidgetKit.framework */,
				696689AB2D0E0A3E00B0F045 /* SwiftUI.framework */,
			);
			name = Frameworks;
			sourceTree = "<group>";
		};
/* End PBXGroup section */

/* Begin PBXHeadersBuildPhase section */
		6966897B2D0DF31000B0F045 /* Headers */ = {
			isa = PBXHeadersBuildPhase;
			buildActionMask = 2147483647;
			files = (
			);
			runOnlyForDeploymentPostprocessing = 0;
		};
/* End PBXHeadersBuildPhase section */

/* Begin PBXNativeTarget section */
		6966893D2D0DE91700B0F045 /* GoToStop */ = {
			isa = PBXNativeTarget;
			buildConfigurationList = 6966894C2D0DE91800B0F045 /* Build configuration list for PBXNativeTarget "GoToStop" */;
			buildPhases = (
				6966893A2D0DE91700B0F045 /* Sources */,
				6966893B2D0DE91700B0F045 /* Frameworks */,
				6966893C2D0DE91700B0F045 /* Resources */,
				696689732D0DEF5C00B0F045 /* Embed Frameworks */,
				696689BE2D0E0A3F00B0F045 /* Embed Foundation Extensions */,
			);
			buildRules = (
			);
			dependencies = (
				696689852D0DF31000B0F045 /* PBXTargetDependency */,
				696689BC2D0E0A3F00B0F045 /* PBXTargetDependency */,
			);
			fileSystemSynchronizedGroups = (
				696689402D0DE91700B0F045 /* GoToStop */,
			);
			name = GoToStop;
			packageProductDependencies = (
			);
			productName = GoToStop;
			productReference = 6966893E2D0DE91700B0F045 /* GoToStop.app */;
			productType = "com.apple.product-type.application";
		};
		6966897F2D0DF31000B0F045 /* GoToStopAPI */ = {
			isa = PBXNativeTarget;
			buildConfigurationList = 696689892D0DF31000B0F045 /* Build configuration list for PBXNativeTarget "GoToStopAPI" */;
			buildPhases = (
				6966897B2D0DF31000B0F045 /* Headers */,
				6966897C2D0DF31000B0F045 /* Sources */,
				6966897D2D0DF31000B0F045 /* Frameworks */,
				6966897E2D0DF31000B0F045 /* Resources */,
			);
			buildRules = (
			);
			dependencies = (
			);
			fileSystemSynchronizedGroups = (
				696689812D0DF31000B0F045 /* GoToStopAPI */,
			);
			name = GoToStopAPI;
			packageProductDependencies = (
			);
			productName = GoToStopAPI;
			productReference = 696689802D0DF31000B0F045 /* GoToStopAPI.framework */;
			productType = "com.apple.product-type.framework";
		};
		696689A62D0E0A3D00B0F045 /* GoToStopWidgetExtension */ = {
			isa = PBXNativeTarget;
			buildConfigurationList = 696689C22D0E0A3F00B0F045 /* Build configuration list for PBXNativeTarget "GoToStopWidgetExtension" */;
			buildPhases = (
				696689A32D0E0A3D00B0F045 /* Sources */,
				696689A42D0E0A3D00B0F045 /* Frameworks */,
				696689A52D0E0A3D00B0F045 /* Resources */,
			);
			buildRules = (
			);
			dependencies = (
			);
			fileSystemSynchronizedGroups = (
				696689AD2D0E0A3E00B0F045 /* GoToStopWidget */,
			);
			name = GoToStopWidgetExtension;
			packageProductDependencies = (
			);
			productName = GoToStopWidgetExtension;
			productReference = 696689A72D0E0A3D00B0F045 /* GoToStopWidgetExtension.appex */;
			productType = "com.apple.product-type.app-extension";
		};
/* End PBXNativeTarget section */

/* Begin PBXProject section */
		696689362D0DE91700B0F045 /* Project object */ = {
			isa = PBXProject;
			attributes = {
				BuildIndependentTargetsInParallel = 1;
				LastSwiftUpdateCheck = 1620;
				LastUpgradeCheck = 1620;
				TargetAttributes = {
					6966893D2D0DE91700B0F045 = {
						CreatedOnToolsVersion = 16.2;
					};
					6966897F2D0DF31000B0F045 = {
						CreatedOnToolsVersion = 16.2;
						LastSwiftMigration = 1620;
					};
					696689A62D0E0A3D00B0F045 = {
						CreatedOnToolsVersion = 16.2;
					};
				};
			};
			buildConfigurationList = 696689392D0DE91700B0F045 /* Build configuration list for PBXProject "GoToStop" */;
			developmentRegion = en;
			hasScannedForEncodings = 0;
			knownRegions = (
				en,
				Base,
			);
			mainGroup = 696689352D0DE91700B0F045;
			minimizedProjectReferenceProxies = 1;
			preferredProjectObjectVersion = 77;
			productRefGroup = 6966893F2D0DE91700B0F045 /* Products */;
			projectDirPath = "";
			projectRoot = "";
			targets = (
				6966893D2D0DE91700B0F045 /* GoToStop */,
				6966897F2D0DF31000B0F045 /* GoToStopAPI */,
				696689A62D0E0A3D00B0F045 /* GoToStopWidgetExtension */,
			);
		};
/* End PBXProject section */

/* Begin PBXResourcesBuildPhase section */
		6966893C2D0DE91700B0F045 /* Resources */ = {
			isa = PBXResourcesBuildPhase;
			buildActionMask = 2147483647;
			files = (
			);
			runOnlyForDeploymentPostprocessing = 0;
		};
		6966897E2D0DF31000B0F045 /* Resources */ = {
			isa = PBXResourcesBuildPhase;
			buildActionMask = 2147483647;
			files = (
			);
			runOnlyForDeploymentPostprocessing = 0;
		};
		696689A52D0E0A3D00B0F045 /* Resources */ = {
			isa = PBXResourcesBuildPhase;
			buildActionMask = 2147483647;
			files = (
			);
			runOnlyForDeploymentPostprocessing = 0;
		};
/* End PBXResourcesBuildPhase section */

/* Begin PBXSourcesBuildPhase section */
		6966893A2D0DE91700B0F045 /* Sources */ = {
			isa = PBXSourcesBuildPhase;
			buildActionMask = 2147483647;
			files = (
			);
			runOnlyForDeploymentPostprocessing = 0;
		};
		6966897C2D0DF31000B0F045 /* Sources */ = {
			isa = PBXSourcesBuildPhase;
			buildActionMask = 2147483647;
			files = (
			);
			runOnlyForDeploymentPostprocessing = 0;
		};
		696689A32D0E0A3D00B0F045 /* Sources */ = {
			isa = PBXSourcesBuildPhase;
			buildActionMask = 2147483647;
			files = (
			);
			runOnlyForDeploymentPostprocessing = 0;
		};
/* End PBXSourcesBuildPhase section */

/* Begin PBXTargetDependency section */
		696689852D0DF31000B0F045 /* PBXTargetDependency */ = {
			isa = PBXTargetDependency;
			target = 6966897F2D0DF31000B0F045 /* GoToStopAPI */;
			targetProxy = 696689842D0DF31000B0F045 /* PBXContainerItemProxy */;
		};
		696689BC2D0E0A3F00B0F045 /* PBXTargetDependency */ = {
			isa = PBXTargetDependency;
			target = 696689A62D0E0A3D00B0F045 /* GoToStopWidgetExtension */;
			targetProxy = 696689BB2D0E0A3F00B0F045 /* PBXContainerItemProxy */;
		};
/* End PBXTargetDependency section */

/* Begin XCBuildConfiguration section */
		6966894A2D0DE91800B0F045 /* Debug */ = {
			isa = XCBuildConfiguration;
			buildSettings = {
				ALWAYS_SEARCH_USER_PATHS = NO;
				ASSETCATALOG_COMPILER_GENERATE_SWIFT_ASSET_SYMBOL_EXTENSIONS = YES;
				CLANG_ANALYZER_NONNULL = YES;
				CLANG_ANALYZER_NUMBER_OBJECT_CONVERSION = YES_AGGRESSIVE;
				CLANG_CXX_LANGUAGE_STANDARD = "gnu++20";
				CLANG_ENABLE_MODULES = YES;
				CLANG_ENABLE_OBJC_ARC = YES;
				CLANG_ENABLE_OBJC_WEAK = YES;
				CLANG_WARN_BLOCK_CAPTURE_AUTORELEASING = YES;
				CLANG_WARN_BOOL_CONVERSION = YES;
				CLANG_WARN_COMMA = YES;
				CLANG_WARN_CONSTANT_CONVERSION = YES;
				CLANG_WARN_DEPRECATED_OBJC_IMPLEMENTATIONS = YES;
				CLANG_WARN_DIRECT_OBJC_ISA_USAGE = YES_ERROR;
				CLANG_WARN_DOCUMENTATION_COMMENTS = YES;
				CLANG_WARN_EMPTY_BODY = YES;
				CLANG_WARN_ENUM_CONVERSION = YES;
				CLANG_WARN_INFINITE_RECURSION = YES;
				CLANG_WARN_INT_CONVERSION = YES;
				CLANG_WARN_NON_LITERAL_NULL_CONVERSION = YES;
				CLANG_WARN_OBJC_IMPLICIT_RETAIN_SELF = YES;
				CLANG_WARN_OBJC_LITERAL_CONVERSION = YES;
				CLANG_WARN_OBJC_ROOT_CLASS = YES_ERROR;
				CLANG_WARN_QUOTED_INCLUDE_IN_FRAMEWORK_HEADER = YES;
				CLANG_WARN_RANGE_LOOP_ANALYSIS = YES;
				CLANG_WARN_STRICT_PROTOTYPES = YES;
				CLANG_WARN_SUSPICIOUS_MOVE = YES;
				CLANG_WARN_UNGUARDED_AVAILABILITY = YES_AGGRESSIVE;
				CLANG_WARN_UNREACHABLE_CODE = YES;
				CLANG_WARN__DUPLICATE_METHOD_MATCH = YES;
				COPY_PHASE_STRIP = NO;
				DEBUG_INFORMATION_FORMAT = dwarf;
				ENABLE_STRICT_OBJC_MSGSEND = YES;
				ENABLE_TESTABILITY = YES;
				ENABLE_USER_SCRIPT_SANDBOXING = YES;
				GCC_C_LANGUAGE_STANDARD = gnu17;
				GCC_DYNAMIC_NO_PIC = NO;
				GCC_NO_COMMON_BLOCKS = YES;
				GCC_OPTIMIZATION_LEVEL = 0;
				GCC_PREPROCESSOR_DEFINITIONS = (
					"DEBUG=1",
					"$(inherited)",
				);
				GCC_WARN_64_TO_32_BIT_CONVERSION = YES;
				GCC_WARN_ABOUT_RETURN_TYPE = YES_ERROR;
				GCC_WARN_UNDECLARED_SELECTOR = YES;
				GCC_WARN_UNINITIALIZED_AUTOS = YES_AGGRESSIVE;
				GCC_WARN_UNUSED_FUNCTION = YES;
				GCC_WARN_UNUSED_VARIABLE = YES;
				INFOPLIST_KEY_NSSupportsLiveActivities = YES;
				INFOPLIST_KEY_NSSupportsLiveActivitiesFrequentUpdates = YES;
				IPHONEOS_DEPLOYMENT_TARGET = 18.2;
				LOCALIZATION_PREFERS_STRING_CATALOGS = YES;
				MTL_ENABLE_DEBUG_INFO = INCLUDE_SOURCE;
				MTL_FAST_MATH = YES;
				ONLY_ACTIVE_ARCH = YES;
				SDKROOT = iphoneos;
				SWIFT_ACTIVE_COMPILATION_CONDITIONS = "DEBUG $(inherited)";
				SWIFT_OPTIMIZATION_LEVEL = "-Onone";
			};
			name = Debug;
		};
		6966894B2D0DE91800B0F045 /* Release */ = {
			isa = XCBuildConfiguration;
			buildSettings = {
				ALWAYS_SEARCH_USER_PATHS = NO;
				ASSETCATALOG_COMPILER_GENERATE_SWIFT_ASSET_SYMBOL_EXTENSIONS = YES;
				CLANG_ANALYZER_NONNULL = YES;
				CLANG_ANALYZER_NUMBER_OBJECT_CONVERSION = YES_AGGRESSIVE;
				CLANG_CXX_LANGUAGE_STANDARD = "gnu++20";
				CLANG_ENABLE_MODULES = YES;
				CLANG_ENABLE_OBJC_ARC = YES;
				CLANG_ENABLE_OBJC_WEAK = YES;
				CLANG_WARN_BLOCK_CAPTURE_AUTORELEASING = YES;
				CLANG_WARN_BOOL_CONVERSION = YES;
				CLANG_WARN_COMMA = YES;
				CLANG_WARN_CONSTANT_CONVERSION = YES;
				CLANG_WARN_DEPRECATED_OBJC_IMPLEMENTATIONS = YES;
				CLANG_WARN_DIRECT_OBJC_ISA_USAGE = YES_ERROR;
				CLANG_WARN_DOCUMENTATION_COMMENTS = YES;
				CLANG_WARN_EMPTY_BODY = YES;
				CLANG_WARN_ENUM_CONVERSION = YES;
				CLANG_WARN_INFINITE_RECURSION = YES;
				CLANG_WARN_INT_CONVERSION = YES;
				CLANG_WARN_NON_LITERAL_NULL_CONVERSION = YES;
				CLANG_WARN_OBJC_IMPLICIT_RETAIN_SELF = YES;
				CLANG_WARN_OBJC_LITERAL_CONVERSION = YES;
				CLANG_WARN_OBJC_ROOT_CLASS = YES_ERROR;
				CLANG_WARN_QUOTED_INCLUDE_IN_FRAMEWORK_HEADER = YES;
				CLANG_WARN_RANGE_LOOP_ANALYSIS = YES;
				CLANG_WARN_STRICT_PROTOTYPES = YES;
				CLANG_WARN_SUSPICIOUS_MOVE = YES;
				CLANG_WARN_UNGUARDED_AVAILABILITY = YES_AGGRESSIVE;
				CLANG_WARN_UNREACHABLE_CODE = YES;
				CLANG_WARN__DUPLICATE_METHOD_MATCH = YES;
				COPY_PHASE_STRIP = NO;
				DEBUG_INFORMATION_FORMAT = "dwarf-with-dsym";
				ENABLE_NS_ASSERTIONS = NO;
				ENABLE_STRICT_OBJC_MSGSEND = YES;
				ENABLE_USER_SCRIPT_SANDBOXING = YES;
				GCC_C_LANGUAGE_STANDARD = gnu17;
				GCC_NO_COMMON_BLOCKS = YES;
				GCC_WARN_64_TO_32_BIT_CONVERSION = YES;
				GCC_WARN_ABOUT_RETURN_TYPE = YES_ERROR;
				GCC_WARN_UNDECLARED_SELECTOR = YES;
				GCC_WARN_UNINITIALIZED_AUTOS = YES_AGGRESSIVE;
				GCC_WARN_UNUSED_FUNCTION = YES;
				GCC_WARN_UNUSED_VARIABLE = YES;
				INFOPLIST_KEY_NSSupportsLiveActivities = YES;
				INFOPLIST_KEY_NSSupportsLiveActivitiesFrequentUpdates = YES;
				IPHONEOS_DEPLOYMENT_TARGET = 18.2;
				LOCALIZATION_PREFERS_STRING_CATALOGS = YES;
				MTL_ENABLE_DEBUG_INFO = NO;
				MTL_FAST_MATH = YES;
				SDKROOT = iphoneos;
				SWIFT_COMPILATION_MODE = wholemodule;
				VALIDATE_PRODUCT = YES;
			};
			name = Release;
		};
		6966894D2D0DE91800B0F045 /* Debug */ = {
			isa = XCBuildConfiguration;
			buildSettings = {
				ASSETCATALOG_COMPILER_APPICON_NAME = AppIcon;
				ASSETCATALOG_COMPILER_GLOBAL_ACCENT_COLOR_NAME = AccentColor;
				CODE_SIGN_ENTITLEMENTS = GoToStop/App/GoToStop.entitlements;
				CODE_SIGN_STYLE = Automatic;
				CURRENT_PROJECT_VERSION = 1;
				DEVELOPMENT_ASSET_PATHS = "\"GoToStop/App/Preview Content\"";
				DEVELOPMENT_TEAM = PY3Q8L7FLF;
				ENABLE_PREVIEWS = YES;
				GENERATE_INFOPLIST_FILE = YES;
				INFOPLIST_KEY_LSApplicationCategoryType = "public.app-category.travel";
				INFOPLIST_KEY_UIApplicationSceneManifest_Generation = YES;
				INFOPLIST_KEY_UIApplicationSupportsIndirectInputEvents = YES;
				INFOPLIST_KEY_UILaunchScreen_Generation = YES;
				INFOPLIST_KEY_UISupportedInterfaceOrientations_iPad = "UIInterfaceOrientationPortrait UIInterfaceOrientationPortraitUpsideDown UIInterfaceOrientationLandscapeLeft UIInterfaceOrientationLandscapeRight";
				INFOPLIST_KEY_UISupportedInterfaceOrientations_iPhone = "UIInterfaceOrientationPortrait UIInterfaceOrientationLandscapeLeft UIInterfaceOrientationLandscapeRight";
				IPHONEOS_DEPLOYMENT_TARGET = 17.6;
				LD_RUNPATH_SEARCH_PATHS = (
					"$(inherited)",
					"@executable_path/Frameworks",
				);
				MARKETING_VERSION = 1.0;
				PRODUCT_BUNDLE_IDENTIFIER = kulichkov.GoToStop;
				PRODUCT_NAME = "$(TARGET_NAME)";
				SWIFT_EMIT_LOC_STRINGS = YES;
				SWIFT_VERSION = 5.0;
				TARGETED_DEVICE_FAMILY = "1,2";
			};
			name = Debug;
		};
		6966894E2D0DE91800B0F045 /* Release */ = {
			isa = XCBuildConfiguration;
			buildSettings = {
				ASSETCATALOG_COMPILER_APPICON_NAME = AppIcon;
				ASSETCATALOG_COMPILER_GLOBAL_ACCENT_COLOR_NAME = AccentColor;
				CODE_SIGN_ENTITLEMENTS = GoToStop/App/GoToStop.entitlements;
				CODE_SIGN_STYLE = Automatic;
				CURRENT_PROJECT_VERSION = 1;
				DEVELOPMENT_ASSET_PATHS = "\"GoToStop/App/Preview Content\"";
				DEVELOPMENT_TEAM = PY3Q8L7FLF;
				ENABLE_PREVIEWS = YES;
				GENERATE_INFOPLIST_FILE = YES;
				INFOPLIST_KEY_LSApplicationCategoryType = "public.app-category.travel";
				INFOPLIST_KEY_UIApplicationSceneManifest_Generation = YES;
				INFOPLIST_KEY_UIApplicationSupportsIndirectInputEvents = YES;
				INFOPLIST_KEY_UILaunchScreen_Generation = YES;
				INFOPLIST_KEY_UISupportedInterfaceOrientations_iPad = "UIInterfaceOrientationPortrait UIInterfaceOrientationPortraitUpsideDown UIInterfaceOrientationLandscapeLeft UIInterfaceOrientationLandscapeRight";
				INFOPLIST_KEY_UISupportedInterfaceOrientations_iPhone = "UIInterfaceOrientationPortrait UIInterfaceOrientationLandscapeLeft UIInterfaceOrientationLandscapeRight";
				IPHONEOS_DEPLOYMENT_TARGET = 17.6;
				LD_RUNPATH_SEARCH_PATHS = (
					"$(inherited)",
					"@executable_path/Frameworks",
				);
				MARKETING_VERSION = 1.0;
				PRODUCT_BUNDLE_IDENTIFIER = kulichkov.GoToStop;
				PRODUCT_NAME = "$(TARGET_NAME)";
				SWIFT_EMIT_LOC_STRINGS = YES;
				SWIFT_VERSION = 5.0;
				TARGETED_DEVICE_FAMILY = "1,2";
			};
			name = Release;
		};
		6966898A2D0DF31000B0F045 /* Debug */ = {
			isa = XCBuildConfiguration;
			buildSettings = {
				BUILD_LIBRARY_FOR_DISTRIBUTION = YES;
				CLANG_ENABLE_MODULES = YES;
				CODE_SIGN_STYLE = Automatic;
				CURRENT_PROJECT_VERSION = 1;
				DEFINES_MODULE = YES;
				DEVELOPMENT_TEAM = PY3Q8L7FLF;
				DYLIB_COMPATIBILITY_VERSION = 1;
				DYLIB_CURRENT_VERSION = 1;
				DYLIB_INSTALL_NAME_BASE = "@rpath";
				ENABLE_MODULE_VERIFIER = YES;
				GENERATE_INFOPLIST_FILE = YES;
				INFOPLIST_KEY_NSHumanReadableCopyright = "";
				INSTALL_PATH = "$(LOCAL_LIBRARY_DIR)/Frameworks";
				IPHONEOS_DEPLOYMENT_TARGET = 18.0;
				LD_RUNPATH_SEARCH_PATHS = (
					"$(inherited)",
					"@executable_path/Frameworks",
					"@loader_path/Frameworks",
				);
				MARKETING_VERSION = 1.0;
				MODULE_VERIFIER_SUPPORTED_LANGUAGES = "objective-c objective-c++";
				MODULE_VERIFIER_SUPPORTED_LANGUAGE_STANDARDS = "gnu17 gnu++20";
				PRODUCT_BUNDLE_IDENTIFIER = de.kulichkov.GoToStopAPI;
				PRODUCT_NAME = "$(TARGET_NAME:c99extidentifier)";
				SKIP_INSTALL = YES;
				SWIFT_EMIT_LOC_STRINGS = YES;
				SWIFT_INSTALL_OBJC_HEADER = NO;
				SWIFT_OPTIMIZATION_LEVEL = "-Onone";
				SWIFT_VERSION = 5.0;
				TARGETED_DEVICE_FAMILY = "1,2";
				VERSIONING_SYSTEM = "apple-generic";
				VERSION_INFO_PREFIX = "";
			};
			name = Debug;
		};
		6966898B2D0DF31000B0F045 /* Release */ = {
			isa = XCBuildConfiguration;
			buildSettings = {
				BUILD_LIBRARY_FOR_DISTRIBUTION = YES;
				CLANG_ENABLE_MODULES = YES;
				CODE_SIGN_STYLE = Automatic;
				CURRENT_PROJECT_VERSION = 1;
				DEFINES_MODULE = YES;
				DEVELOPMENT_TEAM = PY3Q8L7FLF;
				DYLIB_COMPATIBILITY_VERSION = 1;
				DYLIB_CURRENT_VERSION = 1;
				DYLIB_INSTALL_NAME_BASE = "@rpath";
				ENABLE_MODULE_VERIFIER = YES;
				GENERATE_INFOPLIST_FILE = YES;
				INFOPLIST_KEY_NSHumanReadableCopyright = "";
				INSTALL_PATH = "$(LOCAL_LIBRARY_DIR)/Frameworks";
				IPHONEOS_DEPLOYMENT_TARGET = 18.0;
				LD_RUNPATH_SEARCH_PATHS = (
					"$(inherited)",
					"@executable_path/Frameworks",
					"@loader_path/Frameworks",
				);
				MARKETING_VERSION = 1.0;
				MODULE_VERIFIER_SUPPORTED_LANGUAGES = "objective-c objective-c++";
				MODULE_VERIFIER_SUPPORTED_LANGUAGE_STANDARDS = "gnu17 gnu++20";
				PRODUCT_BUNDLE_IDENTIFIER = de.kulichkov.GoToStopAPI;
				PRODUCT_NAME = "$(TARGET_NAME:c99extidentifier)";
				SKIP_INSTALL = YES;
				SWIFT_EMIT_LOC_STRINGS = YES;
				SWIFT_INSTALL_OBJC_HEADER = NO;
				SWIFT_VERSION = 5.0;
				TARGETED_DEVICE_FAMILY = "1,2";
				VERSIONING_SYSTEM = "apple-generic";
				VERSION_INFO_PREFIX = "";
			};
			name = Release;
		};
		696689BF2D0E0A3F00B0F045 /* Debug */ = {
			isa = XCBuildConfiguration;
			buildSettings = {
				ASSETCATALOG_COMPILER_GLOBAL_ACCENT_COLOR_NAME = AccentColor;
				ASSETCATALOG_COMPILER_WIDGET_BACKGROUND_COLOR_NAME = WidgetBackground;
				CODE_SIGN_ENTITLEMENTS = GoToStopWidgetExtension.entitlements;
				CODE_SIGN_STYLE = Automatic;
				CURRENT_PROJECT_VERSION = 1;
				DEVELOPMENT_TEAM = PY3Q8L7FLF;
				GENERATE_INFOPLIST_FILE = YES;
				INFOPLIST_FILE = GoToStopWidget/Info.plist;
				INFOPLIST_KEY_CFBundleDisplayName = GoToStopWidget;
				INFOPLIST_KEY_NSHumanReadableCopyright = "";
				IPHONEOS_DEPLOYMENT_TARGET = 18.0;
				LD_RUNPATH_SEARCH_PATHS = (
					"$(inherited)",
					"@executable_path/Frameworks",
					"@executable_path/../../Frameworks",
				);
				MARKETING_VERSION = 1.0;
				PRODUCT_BUNDLE_IDENTIFIER = kulichkov.GoToStop.GoToStopWidget;
				PRODUCT_NAME = "$(TARGET_NAME)";
				SKIP_INSTALL = YES;
				SWIFT_EMIT_LOC_STRINGS = YES;
				SWIFT_VERSION = 5.0;
				TARGETED_DEVICE_FAMILY = "1,2";
			};
			name = Debug;
		};
		696689C02D0E0A3F00B0F045 /* Release */ = {
			isa = XCBuildConfiguration;
			buildSettings = {
				ASSETCATALOG_COMPILER_GLOBAL_ACCENT_COLOR_NAME = AccentColor;
				ASSETCATALOG_COMPILER_WIDGET_BACKGROUND_COLOR_NAME = WidgetBackground;
				CODE_SIGN_ENTITLEMENTS = GoToStopWidgetExtension.entitlements;
				CODE_SIGN_STYLE = Automatic;
				CURRENT_PROJECT_VERSION = 1;
				DEVELOPMENT_TEAM = PY3Q8L7FLF;
				GENERATE_INFOPLIST_FILE = YES;
				INFOPLIST_FILE = GoToStopWidget/Info.plist;
				INFOPLIST_KEY_CFBundleDisplayName = GoToStopWidget;
				INFOPLIST_KEY_NSHumanReadableCopyright = "";
				IPHONEOS_DEPLOYMENT_TARGET = 18.0;
				LD_RUNPATH_SEARCH_PATHS = (
					"$(inherited)",
					"@executable_path/Frameworks",
					"@executable_path/../../Frameworks",
				);
				MARKETING_VERSION = 1.0;
				PRODUCT_BUNDLE_IDENTIFIER = kulichkov.GoToStop.GoToStopWidget;
				PRODUCT_NAME = "$(TARGET_NAME)";
				SKIP_INSTALL = YES;
				SWIFT_EMIT_LOC_STRINGS = YES;
				SWIFT_VERSION = 5.0;
				TARGETED_DEVICE_FAMILY = "1,2";
			};
			name = Release;
		};
/* End XCBuildConfiguration section */

/* Begin XCConfigurationList section */
		696689392D0DE91700B0F045 /* Build configuration list for PBXProject "GoToStop" */ = {
			isa = XCConfigurationList;
			buildConfigurations = (
				6966894A2D0DE91800B0F045 /* Debug */,
				6966894B2D0DE91800B0F045 /* Release */,
			);
			defaultConfigurationIsVisible = 0;
			defaultConfigurationName = Release;
		};
		6966894C2D0DE91800B0F045 /* Build configuration list for PBXNativeTarget "GoToStop" */ = {
			isa = XCConfigurationList;
			buildConfigurations = (
				6966894D2D0DE91800B0F045 /* Debug */,
				6966894E2D0DE91800B0F045 /* Release */,
			);
			defaultConfigurationIsVisible = 0;
			defaultConfigurationName = Release;
		};
		696689892D0DF31000B0F045 /* Build configuration list for PBXNativeTarget "GoToStopAPI" */ = {
			isa = XCConfigurationList;
			buildConfigurations = (
				6966898A2D0DF31000B0F045 /* Debug */,
				6966898B2D0DF31000B0F045 /* Release */,
			);
			defaultConfigurationIsVisible = 0;
			defaultConfigurationName = Release;
		};
		696689C22D0E0A3F00B0F045 /* Build configuration list for PBXNativeTarget "GoToStopWidgetExtension" */ = {
			isa = XCConfigurationList;
			buildConfigurations = (
				696689BF2D0E0A3F00B0F045 /* Debug */,
				696689C02D0E0A3F00B0F045 /* Release */,
			);
			defaultConfigurationIsVisible = 0;
			defaultConfigurationName = Release;
		};
/* End XCConfigurationList section */
	};
	rootObject = 696689362D0DE91700B0F045 /* Project object */;
}
